<?xml version="1.0" encoding="utf-8"?>
<Project ToolsVersion="15.0" xmlns="http://schemas.microsoft.com/developer/msbuild/2003">
  <ItemGroup>
    <Filter Include="Project Files">
      <UniqueIdentifier>{6ae23ccb-055a-4bcd-82e1-6ce51968f864}</UniqueIdentifier>
    </Filter>
    <Filter Include="Enums">
      <UniqueIdentifier>{07cae346-9771-4af1-a655-0c96ebd04a40}</UniqueIdentifier>
    </Filter>
    <Filter Include="Event Args">
      <UniqueIdentifier>{86c70f86-27ce-4963-8855-7edf2015d8bc}</UniqueIdentifier>
    </Filter>
    <Filter Include="Analyzers">
      <UniqueIdentifier>{0725282c-d399-4086-8560-68b7aff14919}</UniqueIdentifier>
    </Filter>
    <Filter Include="Effects">
      <UniqueIdentifier>{a51e96b7-077e-43ae-88ac-866fe7ca651e}</UniqueIdentifier>
    </Filter>
    <Filter Include="Sources">
      <UniqueIdentifier>{f76ce32d-6175-4bfc-bb1d-2396cdd52fcb}</UniqueIdentifier>
    </Filter>
    <Filter Include="Visualizers">
      <UniqueIdentifier>{2f56a6ca-a234-4b56-8e1b-2cde5d0db626}</UniqueIdentifier>
    </Filter>
    <Filter Include="Data">
      <UniqueIdentifier>{a8047659-72c9-4c4e-92ec-5391992324c5}</UniqueIdentifier>
    </Filter>
    <Filter Include="VU">
      <UniqueIdentifier>{25b63538-2bad-4ed5-a184-84cd93771444}</UniqueIdentifier>
    </Filter>
    <Filter Include="Utilities">
      <UniqueIdentifier>{8bd62523-c033-48b8-b166-ca440c1b9e89}</UniqueIdentifier>
    </Filter>
  </ItemGroup>
  <ItemGroup>
    <ClCompile Include="DllMain.cpp" />
    <ClCompile Include="pch.cpp">
      <Filter>Project Files</Filter>
    </ClCompile>
    <ClCompile Include="Generated Files\module.g.cpp">
      <Filter>Project Files</Filter>
    </ClCompile>
    <ClCompile Include="CreateResourcesEventArgs.cpp">
      <Filter>Event Args</Filter>
    </ClCompile>
    <ClCompile Include="VisualizerDrawEventArgs.cpp">
      <Filter>Event Args</Filter>
    </ClCompile>
    <ClCompile Include="AudioAnalyzer.cpp">
      <Filter>Analyzers</Filter>
    </ClCompile>
    <ClCompile Include="MediaAnalyzer.cpp">
      <Filter>Analyzers</Filter>
    </ClCompile>
    <ClCompile Include="VisualizerEffectDefinition.cpp">
      <Filter>Effects</Filter>
    </ClCompile>
    <ClCompile Include="VisualizerAudioEffect.cpp">
      <Filter>Effects</Filter>
    </ClCompile>
    <ClCompile Include="PlaybackSource.cpp">
      <Filter>Sources</Filter>
    </ClCompile>
    <ClCompile Include="SourceConverter.cpp">
      <Filter>Sources</Filter>
    </ClCompile>
    <ClCompile Include="AudioSourceReader.cpp">
      <Filter>Sources</Filter>
    </ClCompile>
    <ClCompile Include="SpectrumVisualizer.cpp">
      <Filter>Visualizers</Filter>
    </ClCompile>
    <ClCompile Include="CustomVisualizer.cpp">
      <Filter>Visualizers</Filter>
    </ClCompile>
    <ClCompile Include="ScalarData.cpp">
      <Filter>Data</Filter>
    </ClCompile>
    <ClCompile Include="SpectrumData.cpp">
      <Filter>Data</Filter>
    </ClCompile>
    <ClCompile Include="VisualizationDataFrame.cpp">
      <Filter>Data</Filter>
    </ClCompile>
    <ClCompile Include="VectorData.cpp">
      <Filter>Data</Filter>
    </ClCompile>
    <ClCompile Include="DiscreteVUBar.cpp">
      <Filter>VU</Filter>
    </ClCompile>
    <ClCompile Include="AnalogVUMeter.cpp">
      <Filter>VU</Filter>
    </ClCompile>
    <ClCompile Include="util.cpp">
      <Filter>Utilities</Filter>
    </ClCompile>
    <ClCompile Include="Tracing.cpp">
      <Filter>Utilities</Filter>
    </ClCompile>
    <ClCompile Include="ring_buffer.cpp">
      <Filter>Utilities</Filter>
    </ClCompile>
    <ClCompile Include="AudioMath.cpp">
      <Filter>Utilities</Filter>
    </ClCompile>
  </ItemGroup>
  <ItemGroup>
    <ClInclude Include="pch.h">
      <Filter>Project Files</Filter>
    </ClInclude>
    <ClInclude Include="CreateResourcesEventArgs.h">
      <Filter>Event Args</Filter>
    </ClInclude>
    <ClInclude Include="VisualizerDrawEventArgs.h">
      <Filter>Event Args</Filter>
    </ClInclude>
    <ClInclude Include="AudioAnalyzer.h">
      <Filter>Analyzers</Filter>
    </ClInclude>
    <ClInclude Include="MediaAnalyzer.h">
      <Filter>Analyzers</Filter>
    </ClInclude>
    <ClInclude Include="VisualizerEffectDefinition.h">
      <Filter>Effects</Filter>
    </ClInclude>
    <ClInclude Include="VisualizerAudioEffect.h">
      <Filter>Effects</Filter>
    </ClInclude>
    <ClInclude Include="PlaybackSource.h">
      <Filter>Sources</Filter>
    </ClInclude>
    <ClInclude Include="SourceConverter.h">
      <Filter>Sources</Filter>
    </ClInclude>
    <ClInclude Include="BarVisualizerBase.h">
      <Filter>Visualizers</Filter>
    </ClInclude>
    <ClInclude Include="AudioSourceReader.h">
      <Filter>Sources</Filter>
    </ClInclude>
    <ClInclude Include="SpectrumVisualizer.h">
      <Filter>Visualizers</Filter>
    </ClInclude>
    <ClInclude Include="CustomVisualizer.h">
      <Filter>Visualizers</Filter>
    </ClInclude>
    <ClInclude Include="ScalarData.h">
      <Filter>Data</Filter>
    </ClInclude>
    <ClInclude Include="SpectrumData.h">
      <Filter>Data</Filter>
    </ClInclude>
    <ClInclude Include="ScalarValuesIterator.h">
      <Filter>Data</Filter>
    </ClInclude>
    <ClInclude Include="VisualizationDataFrame.h">
      <Filter>Data</Filter>
    </ClInclude>
    <ClInclude Include="VectorData.h">
      <Filter>Data</Filter>
    </ClInclude>
    <ClInclude Include="DiscreteVUBar.h">
      <Filter>VU</Filter>
    </ClInclude>
    <ClInclude Include="AnalogVUMeter.h">
      <Filter>VU</Filter>
    </ClInclude>
    <ClInclude Include="XDSP.h">
      <Filter>Utilities</Filter>
    </ClInclude>
    <ClInclude Include="util.h">
      <Filter>Utilities</Filter>
    </ClInclude>
    <ClInclude Include="Tracing.h">
      <Filter>Utilities</Filter>
    </ClInclude>
    <ClInclude Include="ring_buffer.h">
      <Filter>Utilities</Filter>
    </ClInclude>
    <ClInclude Include="AudioMath.h">
      <Filter>Utilities</Filter>
    </ClInclude>
  </ItemGroup>
  <ItemGroup>
    <Midl Include="ScaleType.idl">
      <Filter>Enums</Filter>
    </Midl>
    <Midl Include="InterpolationType.idl">
      <Filter>Enums</Filter>
    </Midl>
    <Midl Include="CreateResourcesReason.idl">
      <Filter>Enums</Filter>
    </Midl>
    <Midl Include="AnalyzerType.idl">
      <Filter>Enums</Filter>
    </Midl>
    <Midl Include="SourcePlaybackState.idl">
      <Filter>Enums</Filter>
    </Midl>
    <Midl Include="CreateResourcesEventArgs.idl">
      <Filter>Event Args</Filter>
    </Midl>
    <Midl Include="VisualizerDrawEventArgs.idl">
      <Filter>Event Args</Filter>
    </Midl>
    <Midl Include="AudioAnalyzer.idl">
      <Filter>Analyzers</Filter>
    </Midl>
    <Midl Include="MediaAnalyzer.idl">
      <Filter>Analyzers</Filter>
    </Midl>
    <Midl Include="SpectralAnalyzer.idl">
      <Filter>Analyzers</Filter>
    </Midl>
    <Midl Include="VisualizerEffectDefinition.idl">
      <Filter>Effects</Filter>
    </Midl>
    <Midl Include="VisualizerAudioEffect.idl">
      <Filter>Effects</Filter>
    </Midl>
    <Midl Include="PlaybackSource.idl">
      <Filter>Sources</Filter>
    </Midl>
    <Midl Include="SourceConverter.idl">
      <Filter>Sources</Filter>
    </Midl>
    <Midl Include="BarVisualizer.idl">
      <Filter>Visualizers</Filter>
    </Midl>
    <Midl Include="AudioSourceReader.idl">
      <Filter>Sources</Filter>
    </Midl>
    <Midl Include="SpectrumVisualizer.idl">
      <Filter>Visualizers</Filter>
    </Midl>
    <Midl Include="CustomVisualizer.idl">
      <Filter>Visualizers</Filter>
    </Midl>
    <Midl Include="ScalarData.idl">
      <Filter>Data</Filter>
    </Midl>
    <Midl Include="SpectrumData.idl">
      <Filter>Data</Filter>
    </Midl>
    <Midl Include="VisualizationDataFrame.idl">
      <Filter>Data</Filter>
    </Midl>
    <Midl Include="VectorData.idl">
      <Filter>Data</Filter>
    </Midl>
    <Midl Include="VisualizationSource.idl">
      <Filter>Sources</Filter>
    </Midl>
    <Midl Include="DiscreteVUBar.idl">
      <Filter>VU</Filter>
    </Midl>
    <Midl Include="AnalogVUMeter.idl">
      <Filter>VU</Filter>
    </Midl>
  </ItemGroup>
  <ItemGroup>
    <None Include="AudioVisualizer.def">
      <Filter>Project Files</Filter>
    </None>
    <None Include="packages.config">
      <Filter>Project Files</Filter>
    </None>
  </ItemGroup>
</Project>